
Microsoft Visual Studio Solution File, Format Version 12.00
# Visual Studio Version 16
VisualStudioVersion = 16.0.29613.14
MinimumVisualStudioVersion = 10.0.40219.1
Project("{888888A0-9F3D-457C-B088-3A5042F75D52}") = "FlaskWebProject1Asaf", "FlaskWebProject1Asaf\FlaskWebProject1Asaf.pyproj", "{0A25631E-F7A4-4E1A-AA6E-86B38678AB26}"
EndProject
Global
	GlobalSection(SolutionConfigurationPlatforms) = preSolution
		Debug|Any CPU = Debug|Any CPU
		Release|Any CPU = Release|Any CPU
	EndGlobalSection
	GlobalSection(ProjectConfigurationPlatforms) = postSolution
		{0A25631E-F7A4-4E1A-AA6E-86B38678AB26}.Debug|Any CPU.ActiveCfg = Debug|Any CPU
		{0A25631E-F7A4-4E1A-AA6E-86B38678AB26}.Debug|Any CPU.Build.0 = Debug|Any CPU
		{0A25631E-F7A4-4E1A-AA6E-86B38678AB26}.Release|Any CPU.ActiveCfg = Release|Any CPU
		{0A25631E-F7A4-4E1A-AA6E-86B38678AB26}.Release|Any CPU.Build.0 = Release|Any CPU
	EndGlobalSection
	GlobalSection(SolutionProperties) = preSolution
		HideSolutionNode = FALSE
	EndGlobalSection
	GlobalSection(ExtensibilityGlobals) = postSolution
		SolutionGuid = {9F074027-B347-498F-BDEE-DE486E648462}
	EndGlobalSection
EndGlobal
